// !$*UTF8*$!
{
	archiveVersion = 1;
	classes = {
	};
	objectVersion = 77;
	objects = {

/* Begin PBXBuildFile section */
		00CCBCA79B86476193F021EC /* PermisoSampleApp.swift in Sources */ = {isa = PBXBuildFile; fileRef = 656C169C8264600A99D1FBF5 /* PermisoSampleApp.swift */; };
		13A471064DF7C5469ADD8882 /* AppIcon.icns in Resources */ = {isa = PBXBuildFile; fileRef = F60EC007B6A43AECBA604D90 /* AppIcon.icns */; };
		5C60BDB7A4AD42BA2A5EC860 /* ContentView.swift in Sources */ = {isa = PBXBuildFile; fileRef = D9F9ABB6C9DA948484196AAB /* ContentView.swift */; };
		D8801E6936593186217D5291 /* Permiso in Frameworks */ = {isa = PBXBuildFile; productRef = 9FEC1DAF5DA98AEF33CD8105 /* Permiso */; };
/* End PBXBuildFile section */

/* Begin PBXFileReference section */
		29AFDFE23D19DF0673566398 /* Info.plist */ = {isa = PBXFileReference; lastKnownFileType = text.plist; path = Info.plist; sourceTree = "<group>"; };
		55FF66408F29C6C6EFFA581A /* PermisoSample.app */ = {isa = PBXFileReference; explicitFileType = wrapper.application; includeInIndex = 0; path = PermisoSample.app; sourceTree = BUILT_PRODUCTS_DIR; };
		5DE81904FDC504E13FC15BC9 /* permiso */ = {isa = PBXFileReference; lastKnownFileType = folder; name = permiso; path = ..; sourceTree = SOURCE_ROOT; };
		656C169C8264600A99D1FBF5 /* PermisoSampleApp.swift */ = {isa = PBXFileReference; lastKnownFileType = sourcecode.swift; path = PermisoSampleApp.swift; sourceTree = "<group>"; };
		D9F9ABB6C9DA948484196AAB /* ContentView.swift */ = {isa = PBXFileReference; lastKnownFileType = sourcecode.swift; path = ContentView.swift; sourceTree = "<group>"; };
		F60EC007B6A43AECBA604D90 /* AppIcon.icns */ = {isa = PBXFileReference; lastKnownFileType = image.icns; path = AppIcon.icns; sourceTree = "<group>"; };
/* End PBXFileReference section */

/* Begin PBXFrameworksBuildPhase section */
		6D9F6FA5BD8CA1D9E31AD4DB /* Frameworks */ = {
			isa = PBXFrameworksBuildPhase;
			buildActionMask = 2147483647;
			files = (
				D8801E6936593186217D5291 /* Permiso in Frameworks */,
			);
			runOnlyForDeploymentPostprocessing = 0;
		};
/* End PBXFrameworksBuildPhase section */

/* Begin PBXGroup section */
		5663D23E8007FAB11AE48B9A /* Products */ = {
			isa = PBXGroup;
			children = (
				55FF66408F29C6C6EFFA581A /* PermisoSample.app */,
			);
			name = Products;
			sourceTree = "<group>";
		};
		7E73922D72E3BF5FA5B012A7 /* Packages */ = {
			isa = PBXGroup;
			children = (
				5DE81904FDC504E13FC15BC9 /* permiso */,
			);
			name = Packages;
			sourceTree = "<group>";
		};
		91D399CA8F1392952AC3C9CB /* PermisoSample */ = {
			isa = PBXGroup;
			children = (
				F60EC007B6A43AECBA604D90 /* AppIcon.icns */,
				D9F9ABB6C9DA948484196AAB /* ContentView.swift */,
				29AFDFE23D19DF0673566398 /* Info.plist */,
				656C169C8264600A99D1FBF5 /* PermisoSampleApp.swift */,
			);
			path = PermisoSample;
			sourceTree = "<group>";
		};
		A17063BFE71CB3DFB23AD30E = {
			isa = PBXGroup;
			children = (
				7E73922D72E3BF5FA5B012A7 /* Packages */,
				91D399CA8F1392952AC3C9CB /* PermisoSample */,
				5663D23E8007FAB11AE48B9A /* Products */,
			);
			sourceTree = "<group>";
		};
/* End PBXGroup section */

/* Begin PBXNativeTarget section */
		F963F0E5A38431DF62285DE9 /* PermisoSample */ = {
			isa = PBXNativeTarget;
			buildConfigurationList = 47BBF563E2E56A07EFDF133F /* Build configuration list for PBXNativeTarget "PermisoSample" */;
			buildPhases = (
				FE2A6E0D4705235896299D6C /* Sources */,
				B94FCDAD83B5F0DA2BE58C60 /* Resources */,
				6D9F6FA5BD8CA1D9E31AD4DB /* Frameworks */,
			);
			buildRules = (
			);
			dependencies = (
			);
			name = PermisoSample;
			packageProductDependencies = (
				9FEC1DAF5DA98AEF33CD8105 /* Permiso */,
			);
			productName = PermisoSample;
			productReference = 55FF66408F29C6C6EFFA581A /* PermisoSample.app */;
			productType = "com.apple.product-type.application";
		};
/* End PBXNativeTarget section */

/* Begin PBXProject section */
		F5C2AF703BCE6B368A843970 /* Project object */ = {
			isa = PBXProject;
			attributes = {
				BuildIndependentTargetsInParallel = YES;
				LastUpgradeCheck = 1430;
				TargetAttributes = {
					F963F0E5A38431DF62285DE9 = {
						ProvisioningStyle = Automatic;
					};
				};
			};
			buildConfigurationList = 5B428A8D8843BDC59D5D3D5F /* Build configuration list for PBXProject "PermisoSample" */;
			compatibilityVersion = "Xcode 14.0";
			developmentRegion = en;
			hasScannedForEncodings = 0;
			knownRegions = (
				Base,
				en,
			);
			mainGroup = A17063BFE71CB3DFB23AD30E;
			minimizedProjectReferenceProxies = 1;
			packageReferences = (
				DDB80E300D97BD8B7FA13E7D /* XCLocalSwiftPackageReference ".." */,
			);
			preferredProjectObjectVersion = 77;
			projectDirPath = "";
			projectRoot = "";
			targets = (
				F963F0E5A38431DF62285DE9 /* PermisoSample */,
			);
		};
/* End PBXProject section */

/* Begin PBXResourcesBuildPhase section */
		B94FCDAD83B5F0DA2BE58C60 /* Resources */ = {
			isa = PBXResourcesBuildPhase;
			buildActionMask = 2147483647;
			files = (
				13A471064DF7C5469ADD8882 /* AppIcon.icns in Resources */,
			);
			runOnlyForDeploymentPostprocessing = 0;
		};
/* End PBXResourcesBuildPhase section */

/* Begin PBXSourcesBuildPhase section */
		FE2A6E0D4705235896299D6C /* Sources */ = {
			isa = PBXSourcesBuildPhase;
			buildActionMask = 2147483647;
			files = (
				5C60BDB7A4AD42BA2A5EC860 /* ContentView.swift in Sources */,
				00CCBCA79B86476193F021EC /* PermisoSampleApp.swift in Sources */,
			);
			runOnlyForDeploymentPostprocessing = 0;
		};
/* End PBXSourcesBuildPhase section */

/* Begin XCBuildConfiguration section */
		1E50F3A5B0F8919A21084F67 /* Release */ = {
			isa = XCBuildConfiguration;
			buildSettings = {
				ALWAYS_SEARCH_USER_PATHS = NO;
				CLANG_ANALYZER_NONNULL = YES;
				CLANG_ANALYZER_NUMBER_OBJECT_CONVERSION = YES_AGGRESSIVE;
				CLANG_CXX_LANGUAGE_STANDARD = "gnu++14";
				CLANG_CXX_LIBRARY = "libc++";
				CLANG_ENABLE_MODULES = YES;
				CLANG_ENABLE_OBJC_ARC = YES;
				CLANG_ENABLE_OBJC_WEAK = YES;
				CLANG_WARN_BLOCK_CAPTURE_AUTORELEASING = YES;
				CLANG_WARN_BOOL_CONVERSION = YES;
				CLANG_WARN_COMMA = YES;
				CLANG_WARN_CONSTANT_CONVERSION = YES;
				CLANG_WARN_DEPRECATED_OBJC_IMPLEMENTATIONS = YES;
				CLANG_WARN_DIRECT_OBJC_ISA_USAGE = YES_ERROR;
				CLANG_WARN_DOCUMENTATION_COMMENTS = YES;
				CLANG_WARN_EMPTY_BODY = YES;
				CLANG_WARN_ENUM_CONVERSION = YES;
				CLANG_WARN_INFINITE_RECURSION = YES;
				CLANG_WARN_INT_CONVERSION = YES;
				CLANG_WARN_NON_LITERAL_NULL_CONVERSION = YES;
				CLANG_WARN_OBJC_IMPLICIT_RETAIN_SELF = YES;
				CLANG_WARN_OBJC_LITERAL_CONVERSION = YES;
				CLANG_WARN_OBJC_ROOT_CLASS = YES_ERROR;
				CLANG_WARN_QUOTED_INCLUDE_IN_FRAMEWORK_HEADER = YES;
				CLANG_WARN_RANGE_LOOP_ANALYSIS = YES;
				CLANG_WARN_STRICT_PROTOTYPES = YES;
				CLANG_WARN_SUSPICIOUS_MOVE = YES;
				CLANG_WARN_UNGUARDED_AVAILABILITY = YES_AGGRESSIVE;
				CLANG_WARN_UNREACHABLE_CODE = YES;
				CLANG_WARN__DUPLICATE_METHOD_MATCH = YES;
				COPY_PHASE_STRIP = NO;
				DEBUG_INFORMATION_FORMAT = "dwarf-with-dsym";
				ENABLE_NS_ASSERTIONS = NO;
				ENABLE_STRICT_OBJC_MSGSEND = YES;
				GCC_C_LANGUAGE_STANDARD = gnu11;
				GCC_NO_COMMON_BLOCKS = YES;
				GCC_WARN_64_TO_32_BIT_CONVERSION = YES;
				GCC_WARN_ABOUT_RETURN_TYPE = YES_ERROR;
				GCC_WARN_UNDECLARED_SELECTOR = YES;
				GCC_WARN_UNINITIALIZED_AUTOS = YES_AGGRESSIVE;
				GCC_WARN_UNUSED_FUNCTION = YES;
				GCC_WARN_UNUSED_VARIABLE = YES;
				MACOSX_DEPLOYMENT_TARGET = 26.0;
				MTL_ENABLE_DEBUG_INFO = NO;
				MTL_FAST_MATH = YES;
				PRODUCT_NAME = "$(TARGET_NAME)";
				SDKROOT = macosx;
				SWIFT_COMPILATION_MODE = wholemodule;
				SWIFT_OPTIMIZATION_LEVEL = "-O";
				SWIFT_VERSION = 5.0;
			};
			name = Release;
		};
		2ED889514A3DDDBFACAF2830 /* Release */ = {
			isa = XCBuildConfiguration;
			buildSettings = {
				ASSETCATALOG_COMPILER_APPICON_NAME = AppIcon;
				CODE_SIGN_STYLE = Automatic;
				COMBINE_HIDPI_IMAGES = YES;
				CURRENT_PROJECT_VERSION = 1;
				INFOPLIST_FILE = PermisoSample/Info.plist;
				LD_RUNPATH_SEARCH_PATHS = (
					"$(inherited)",
					"@executable_path/../Frameworks",
				);
				MACOSX_DEPLOYMENT_TARGET = 26.0;
				MARKETING_VERSION = 1.0;
				PRODUCT_BUNDLE_IDENTIFIER = dev.zats.PermisoSample;
				PRODUCT_NAME = "Permiso Sample";
				SDKROOT = macosx;
				SWIFT_VERSION = 6.0;
			};
			name = Release;
		};
		90D77A05C696E467144A9CB9 /* Debug */ = {
			isa = XCBuildConfiguration;
			buildSettings = {
				ALWAYS_SEARCH_USER_PATHS = NO;
				CLANG_ANALYZER_NONNULL = YES;
				CLANG_ANALYZER_NUMBER_OBJECT_CONVERSION = YES_AGGRESSIVE;
				CLANG_CXX_LANGUAGE_STANDARD = "gnu++14";
				CLANG_CXX_LIBRARY = "libc++";
				CLANG_ENABLE_MODULES = YES;
				CLANG_ENABLE_OBJC_ARC = YES;
				CLANG_ENABLE_OBJC_WEAK = YES;
				CLANG_WARN_BLOCK_CAPTURE_AUTORELEASING = YES;
				CLANG_WARN_BOOL_CONVERSION = YES;
				CLANG_WARN_COMMA = YES;
				CLANG_WARN_CONSTANT_CONVERSION = YES;
				CLANG_WARN_DEPRECATED_OBJC_IMPLEMENTATIONS = YES;
				CLANG_WARN_DIRECT_OBJC_ISA_USAGE = YES_ERROR;
				CLANG_WARN_DOCUMENTATION_COMMENTS = YES;
				CLANG_WARN_EMPTY_BODY = YES;
				CLANG_WARN_ENUM_CONVERSION = YES;
				CLANG_WARN_INFINITE_RECURSION = YES;
				CLANG_WARN_INT_CONVERSION = YES;
				CLANG_WARN_NON_LITERAL_NULL_CONVERSION = YES;
				CLANG_WARN_OBJC_IMPLICIT_RETAIN_SELF = YES;
				CLANG_WARN_OBJC_LITERAL_CONVERSION = YES;
				CLANG_WARN_OBJC_ROOT_CLASS = YES_ERROR;
				CLANG_WARN_QUOTED_INCLUDE_IN_FRAMEWORK_HEADER = YES;
				CLANG_WARN_RANGE_LOOP_ANALYSIS = YES;
				CLANG_WARN_STRICT_PROTOTYPES = YES;
				CLANG_WARN_SUSPICIOUS_MOVE = YES;
				CLANG_WARN_UNGUARDED_AVAILABILITY = YES_AGGRESSIVE;
				CLANG_WARN_UNREACHABLE_CODE = YES;
				CLANG_WARN__DUPLICATE_METHOD_MATCH = YES;
				COPY_PHASE_STRIP = NO;
				DEBUG_INFORMATION_FORMAT = dwarf;
				ENABLE_STRICT_OBJC_MSGSEND = YES;
				ENABLE_TESTABILITY = YES;
				GCC_C_LANGUAGE_STANDARD = gnu11;
				GCC_DYNAMIC_NO_PIC = NO;
				GCC_NO_COMMON_BLOCKS = YES;
				GCC_OPTIMIZATION_LEVEL = 0;
				GCC_PREPROCESSOR_DEFINITIONS = (
					"$(inherited)",
					"DEBUG=1",
				);
				GCC_WARN_64_TO_32_BIT_CONVERSION = YES;
				GCC_WARN_ABOUT_RETURN_TYPE = YES_ERROR;
				GCC_WARN_UNDECLARED_SELECTOR = YES;
				GCC_WARN_UNINITIALIZED_AUTOS = YES_AGGRESSIVE;
				GCC_WARN_UNUSED_FUNCTION = YES;
				GCC_WARN_UNUSED_VARIABLE = YES;
				MACOSX_DEPLOYMENT_TARGET = 26.0;
				MTL_ENABLE_DEBUG_INFO = INCLUDE_SOURCE;
				MTL_FAST_MATH = YES;
				ONLY_ACTIVE_ARCH = YES;
				PRODUCT_NAME = "$(TARGET_NAME)";
				SDKROOT = macosx;
				SWIFT_ACTIVE_COMPILATION_CONDITIONS = DEBUG;
				SWIFT_OPTIMIZATION_LEVEL = "-Onone";
				SWIFT_VERSION = 5.0;
			};
			name = Debug;
		};
		E9EB2B5A1470145A10CFBE16 /* Debug */ = {
			isa = XCBuildConfiguration;
			buildSettings = {
				ASSETCATALOG_COMPILER_APPICON_NAME = AppIcon;
				CODE_SIGN_STYLE = Automatic;
				COMBINE_HIDPI_IMAGES = YES;
				CURRENT_PROJECT_VERSION = 1;
				INFOPLIST_FILE = PermisoSample/Info.plist;
				LD_RUNPATH_SEARCH_PATHS = (
					"$(inherited)",
					"@executable_path/../Frameworks",
				);
				MACOSX_DEPLOYMENT_TARGET = 26.0;
				MARKETING_VERSION = 1.0;
				PRODUCT_BUNDLE_IDENTIFIER = dev.zats.PermisoSample;
				PRODUCT_NAME = "Permiso Sample";
				SDKROOT = macosx;
				SWIFT_VERSION = 6.0;
			};
			name = Debug;
		};
/* End XCBuildConfiguration section */

/* Begin XCConfigurationList section */
		47BBF563E2E56A07EFDF133F /* Build configuration list for PBXNativeTarget "PermisoSample" */ = {
			isa = XCConfigurationList;
			buildConfigurations = (
				E9EB2B5A1470145A10CFBE16 /* Debug */,
				2ED889514A3DDDBFACAF2830 /* Release */,
			);
			defaultConfigurationIsVisible = 0;
			defaultConfigurationName = Debug;
		};
		5B428A8D8843BDC59D5D3D5F /* Build configuration list for PBXProject "PermisoSample" */ = {
			isa = XCConfigurationList;
			buildConfigurations = (
				90D77A05C696E467144A9CB9 /* Debug */,
				1E50F3A5B0F8919A21084F67 /* Release */,
			);
			defaultConfigurationIsVisible = 0;
			defaultConfigurationName = Debug;
		};
/* End XCConfigurationList section */

/* Begin XCLocalSwiftPackageReference section */
		DDB80E300D97BD8B7FA13E7D /* XCLocalSwiftPackageReference ".." */ = {
			isa = XCLocalSwiftPackageReference;
			relativePath = ..;
		};
/* End XCLocalSwiftPackageReference section */

/* Begin XCSwiftPackageProductDependency section */
		9FEC1DAF5DA98AEF33CD8105 /* Permiso */ = {
			isa = XCSwiftPackageProductDependency;
			productName = Permiso;
		};
/* End XCSwiftPackageProductDependency section */
	};
	rootObject = F5C2AF703BCE6B368A843970 /* Project object */;
}
